
Microsoft Visual Studio Solution File, Format Version 12.00
# Visual Studio Version 17
VisualStudioVersion = 17.0.32112.339
MinimumVisualStudioVersion = 10.0.40219.1
Project("{FAE04EC0-301F-11D3-BF4B-00C04F79EFBC}") = "ogo", "ogo\ogo.csproj", "{52D40C85-0CB8-499A-B9BE-976B0E57798C}"
EndProject
Project("{FAE04EC0-301F-11D3-BF4B-00C04F79EFBC}") = "TestProject1", "TestProject1\TestProject1.csproj", "{F1F3E3E6-E868-493D-A4FB-45F2F639178B}"
EndProject
Global
	GlobalSection(SolutionConfigurationPlatforms) = preSolution
		Debug|Any CPU = Debug|Any CPU
		Release|Any CPU = Release|Any CPU
	EndGlobalSection
	GlobalSection(ProjectConfigurationPlatforms) = postSolution
		{52D40C85-0CB8-499A-B9BE-976B0E57798C}.Debug|Any CPU.ActiveCfg = Debug|Any CPU
		{52D40C85-0CB8-499A-B9BE-976B0E57798C}.Debug|Any CPU.Build.0 = Debug|Any CPU
		{52D40C85-0CB8-499A-B9BE-976B0E57798C}.Release|Any CPU.ActiveCfg = Release|Any CPU
		{52D40C85-0CB8-499A-B9BE-976B0E57798C}.Release|Any CPU.Build.0 = Release|Any CPU
		{F1F3E3E6-E868-493D-A4FB-45F2F639178B}.Debug|Any CPU.ActiveCfg = Debug|Any CPU
		{F1F3E3E6-E868-493D-A4FB-45F2F639178B}.Debug|Any CPU.Build.0 = Debug|Any CPU
		{F1F3E3E6-E868-493D-A4FB-45F2F639178B}.Release|Any CPU.ActiveCfg = Release|Any CPU
		{F1F3E3E6-E868-493D-A4FB-45F2F639178B}.Release|Any CPU.Build.0 = Release|Any CPU
	EndGlobalSection
	GlobalSection(SolutionProperties) = preSolution
		HideSolutionNode = FALSE
	EndGlobalSection
	GlobalSection(ExtensibilityGlobals) = postSolution
		SolutionGuid = {2E880687-F8CC-4FCC-8626-1B678D576CE2}
	EndGlobalSection
EndGlobal
